Microsoft Visual Studio Solution File, Format Version 7.00
Project("{8BC9CEB8-8B4A-11D0-8D11-00A0C91BC942}") = "Exercize12", "Exercize12.vcproj", "{22BA0766-C705-4416-8657-CF487648D8CA}"
EndProject
Global
	GlobalSection(SolutionConfiguration) = preSolution
		ConfigName.0 = Debug
		ConfigName.1 = Release
	EndGlobalSection
	GlobalSection(ProjectDependencies) = postSolution
	EndGlobalSection
	GlobalSection(ProjectConfiguration) = postSolution
		{22BA0766-C705-4416-8657-CF487648D8CA}.Debug.ActiveCfg = Debug|Win32
		{22BA0766-C705-4416-8657-CF487648D8CA}.Debug.Build.0 = Debug|Win32
		{22BA0766-C705-4416-8657-CF487648D8CA}.Release.ActiveCfg = Release|Win32
		{22BA0766-C705-4416-8657-CF487648D8CA}.Release.Build.0 = Release|Win32
	EndGlobalSection
	GlobalSection(ExtensibilityGlobals) = postSolution
	EndGlobalSection
	GlobalSection(ExtensibilityAddIns) = postSolution
	EndGlobalSection
EndGlobal
